
Microsoft Visual Studio Solution File, Format Version 12.00
# Visual Studio Version 17
VisualStudioVersion = 17.11.35208.52
MinimumVisualStudioVersion = 10.0.40219.1
Project("{FAE04EC0-301F-11D3-BF4B-00C04F79EFBC}") = "stak", "stak\stak.csproj", "{7AAE7959-46F8-4134-A1A5-9EB732D33518}"
EndProject
Global
	GlobalSection(SolutionConfigurationPlatforms) = preSolution
		Debug|Any CPU = Debug|Any CPU
		Release|Any CPU = Release|Any CPU
	EndGlobalSection
	GlobalSection(ProjectConfigurationPlatforms) = postSolution
		{7AAE7959-46F8-4134-A1A5-9EB732D33518}.Debug|Any CPU.ActiveCfg = Debug|Any CPU
		{7AAE7959-46F8-4134-A1A5-9EB732D33518}.Debug|Any CPU.Build.0 = Debug|Any CPU
		{7AAE7959-46F8-4134-A1A5-9EB732D33518}.Release|Any CPU.ActiveCfg = Release|Any CPU
		{7AAE7959-46F8-4134-A1A5-9EB732D33518}.Release|Any CPU.Build.0 = Release|Any CPU
	EndGlobalSection
	GlobalSection(SolutionProperties) = preSolution
		HideSolutionNode = FALSE
	EndGlobalSection
	GlobalSection(ExtensibilityGlobals) = postSolution
		SolutionGuid = {83D75020-9D15-4B0C-92E9-377CCB5270BC}
	EndGlobalSection
EndGlobal
